
Microsoft Visual Studio Solution File, Format Version 12.00
# Visual Studio Version 16
VisualStudioVersion = 16.0.30011.22
MinimumVisualStudioVersion = 10.0.40219.1
Project("{9A19103F-16F7-4668-BE54-9A1E7A4F7556}") = "Ditto", "Ditto\Ditto.csproj", "{C953C6ED-6721-4782-80B9-FF3C5C6F6F4D}"
EndProject
Project("{FAE04EC0-301F-11D3-BF4B-00C04F79EFBC}") = "WebApplication2", "WebApplication2\WebApplication2.csproj", "{4F4221BB-1A5B-488E-A8C5-F77A2E58E858}"
EndProject
Global
	GlobalSection(SolutionConfigurationPlatforms) = preSolution
		Debug|Any CPU = Debug|Any CPU
		Release|Any CPU = Release|Any CPU
	EndGlobalSection
	GlobalSection(ProjectConfigurationPlatforms) = postSolution
		{C953C6ED-6721-4782-80B9-FF3C5C6F6F4D}.Debug|Any CPU.ActiveCfg = Debug|Any CPU
		{C953C6ED-6721-4782-80B9-FF3C5C6F6F4D}.Debug|Any CPU.Build.0 = Debug|Any CPU
		{C953C6ED-6721-4782-80B9-FF3C5C6F6F4D}.Release|Any CPU.ActiveCfg = Release|Any CPU
		{C953C6ED-6721-4782-80B9-FF3C5C6F6F4D}.Release|Any CPU.Build.0 = Release|Any CPU
		{4F4221BB-1A5B-488E-A8C5-F77A2E58E858}.Debug|Any CPU.ActiveCfg = Debug|Any CPU
		{4F4221BB-1A5B-488E-A8C5-F77A2E58E858}.Debug|Any CPU.Build.0 = Debug|Any CPU
		{4F4221BB-1A5B-488E-A8C5-F77A2E58E858}.Release|Any CPU.ActiveCfg = Release|Any CPU
		{4F4221BB-1A5B-488E-A8C5-F77A2E58E858}.Release|Any CPU.Build.0 = Release|Any CPU
	EndGlobalSection
	GlobalSection(SolutionProperties) = preSolution
		HideSolutionNode = FALSE
	EndGlobalSection
	GlobalSection(ExtensibilityGlobals) = postSolution
		SolutionGuid = {0799C0E4-1B9F-441D-89BB-42CC234B759B}
	EndGlobalSection
EndGlobal
